<?xml version="1.0" encoding="utf-8"?>
<Project ToolsVersion="4.0" xmlns="http://schemas.microsoft.com/developer/msbuild/2003">
  <ItemGroup>
    <Filter Include="Source Files">
      <UniqueIdentifier>{4FC737F1-C7A5-4376-A066-2A32D752A2FF}</UniqueIdentifier>
      <Extensions>cpp;c;cc;cxx;def;odl;idl;hpj;bat;asm;asmx</Extensions>
    </Filter>
    <Filter Include="Header Files">
      <UniqueIdentifier>{93995380-89BD-4b04-88EB-625FBE52EBFB}</UniqueIdentifier>
      <Extensions>h;hh;hpp;hxx;hm;inl;inc;xsd</Extensions>
    </Filter>
    <Filter Include="Resource Files">
      <UniqueIdentifier>{67DA6AB6-F800-4c08-8B7A-83BB121AAD01}</UniqueIdentifier>
      <Extensions>rc;ico;cur;bmp;dlg;rc2;rct;bin;rgs;gif;jpg;jpeg;jpe;resx;tiff;tif;png;wav;mfcribbon-ms</Extensions>
    </Filter>
  </ItemGroup>
  <ItemGroup>
    <ClInclude Include="src\EterNet\Core.h">
      <Filter>Header Files</Filter>
    </ClInclude>
    <ClInclude Include="src\EterNet\Server.h">
      <Filter>Header Files</Filter>
    </ClInclude>
    <ClInclude Include="src\EterNet\Client.h">
      <Filter>Header Files</Filter>
    </ClInclude>
    <ClInclude Include="src\EterNet\ServerHandler.h">
      <Filter>Header Files</Filter>
    </ClInclude>
    <ClInclude Include="src\EterNet\ProcessFlow.h">
      <Filter>Header Files</Filter>
    </ClInclude>
    <ClInclude Include="src\EterNet\ClientHandler.h">
      <Filter>Header Files</Filter>
    </ClInclude>
    <ClInclude Include="src\EterNet\ClientSession.h">
      <Filter>Header Files</Filter>
    </ClInclude>
    <ClInclude Include="src\EterNet\Timer.h">
      <Filter>Header Files</Filter>
    </ClInclude>
    <ClInclude Include="src\EterNet\Packet.h">
      <Filter>Header Files</Filter>
    </ClInclude>
    <ClInclude Include="src\EterNet\ByteBuffer.h">
      <Filter>Header Files</Filter>
    </ClInclude>
  </ItemGroup>
  <ItemGroup>
    <ClCompile Include="src\EterNet\Server.cpp">
      <Filter>Source Files</Filter>
    </ClCompile>
    <ClCompile Include="src\EterNet\Client.cpp">
      <Filter>Source Files</Filter>
    </ClCompile>
    <ClCompile Include="src\EterNet\ServerHandler.cpp">
      <Filter>Source Files</Filter>
    </ClCompile>
    <ClCompile Include="src\EterNet\ProcessFlow.cpp">
      <Filter>Source Files</Filter>
    </ClCompile>
    <ClCompile Include="src\EterNet\ClientHandler.cpp">
      <Filter>Source Files</Filter>
    </ClCompile>
    <ClCompile Include="src\EterNet\ClientSession.cpp">
      <Filter>Source Files</Filter>
    </ClCompile>
    <ClCompile Include="src\EterNet\Packet.cpp">
      <Filter>Source Files</Filter>
    </ClCompile>
  </ItemGroup>
</Project>